
Microsoft Visual Studio Solution File, Format Version 12.00
# Visual Studio Version 17
VisualStudioVersion = 17.11.35222.181
MinimumVisualStudioVersion = 10.0.40219.1
Project("{FAE04EC0-301F-11D3-BF4B-00C04F79EFBC}") = "TokenValidationFunctionApp", "TokenValidationFunctionApp.csproj", "{8D114120-8F8A-415A-8494-9A13D21AA19B}"
EndProject
Global
	GlobalSection(SolutionConfigurationPlatforms) = preSolution
		Debug|Any CPU = Debug|Any CPU
		Release|Any CPU = Release|Any CPU
	EndGlobalSection
	GlobalSection(ProjectConfigurationPlatforms) = postSolution
		{8D114120-8F8A-415A-8494-9A13D21AA19B}.Debug|Any CPU.ActiveCfg = Debug|Any CPU
		{8D114120-8F8A-415A-8494-9A13D21AA19B}.Debug|Any CPU.Build.0 = Debug|Any CPU
		{8D114120-8F8A-415A-8494-9A13D21AA19B}.Release|Any CPU.ActiveCfg = Release|Any CPU
		{8D114120-8F8A-415A-8494-9A13D21AA19B}.Release|Any CPU.Build.0 = Release|Any CPU
	EndGlobalSection
	GlobalSection(SolutionProperties) = preSolution
		HideSolutionNode = FALSE
	EndGlobalSection
	GlobalSection(ExtensibilityGlobals) = postSolution
		SolutionGuid = {10751976-03A1-44D4-8979-4800686CBE54}
	EndGlobalSection
EndGlobal
